
Microsoft Visual Studio Solution File, Format Version 12.00
# Visual Studio Version 17
VisualStudioVersion = 17.7.34031.279
MinimumVisualStudioVersion = 10.0.40219.1
Project("{9A19103F-16F7-4668-BE54-9A1E7A4F7556}") = "DesktopMemos", "DesktopMemos\DesktopMemos.csproj", "{D656F9DE-9C34-456A-8124-AE4DFD07AE40}"
EndProject
Project("{FAE04EC0-301F-11D3-BF4B-00C04F79EFBC}") = "DesktopMemosTest", "DesktopMemosTest\DesktopMemosTest.csproj", "{59D4D6D3-2FAB-4B25-B58A-928EC2190CF0}"
EndProject
Global
	GlobalSection(SolutionConfigurationPlatforms) = preSolution
		Debug|Any CPU = Debug|Any CPU
		Release|Any CPU = Release|Any CPU
	EndGlobalSection
	GlobalSection(ProjectConfigurationPlatforms) = postSolution
		{D656F9DE-9C34-456A-8124-AE4DFD07AE40}.Debug|Any CPU.ActiveCfg = Debug|Any CPU
		{D656F9DE-9C34-456A-8124-AE4DFD07AE40}.Debug|Any CPU.Build.0 = Debug|Any CPU
		{D656F9DE-9C34-456A-8124-AE4DFD07AE40}.Release|Any CPU.ActiveCfg = Release|Any CPU
		{D656F9DE-9C34-456A-8124-AE4DFD07AE40}.Release|Any CPU.Build.0 = Release|Any CPU
		{59D4D6D3-2FAB-4B25-B58A-928EC2190CF0}.Debug|Any CPU.ActiveCfg = Debug|Any CPU
		{59D4D6D3-2FAB-4B25-B58A-928EC2190CF0}.Debug|Any CPU.Build.0 = Debug|Any CPU
		{59D4D6D3-2FAB-4B25-B58A-928EC2190CF0}.Release|Any CPU.ActiveCfg = Release|Any CPU
		{59D4D6D3-2FAB-4B25-B58A-928EC2190CF0}.Release|Any CPU.Build.0 = Release|Any CPU
	EndGlobalSection
	GlobalSection(SolutionProperties) = preSolution
		HideSolutionNode = FALSE
	EndGlobalSection
	GlobalSection(ExtensibilityGlobals) = postSolution
		SolutionGuid = {F2B87EC2-94B9-4F9C-AB91-EB8AC6621314}
	EndGlobalSection
EndGlobal
